// !$*UTF8*$!
{
	archiveVersion = 1;
	classes = {
	};
	objectVersion = 50;
	objects = {

/* Begin PBXBuildFile section */
		84969DAA22EFD4A5004AC8E6 /* AppDelegate.swift in Sources */ = {isa = PBXBuildFile; fileRef = 84969DA922EFD4A5004AC8E6 /* AppDelegate.swift */; };
		84969DAC22EFD4A5004AC8E6 /* ViewController.swift in Sources */ = {isa = PBXBuildFile; fileRef = 84969DAB22EFD4A5004AC8E6 /* ViewController.swift */; };
		84969DAF22EFD4A5004AC8E6 /* Main.storyboard in Resources */ = {isa = PBXBuildFile; fileRef = 84969DAD22EFD4A5004AC8E6 /* Main.storyboard */; };
		84969DB122EFD4B7004AC8E6 /* Assets.xcassets in Resources */ = {isa = PBXBuildFile; fileRef = 84969DB022EFD4B7004AC8E6 /* Assets.xcassets */; };
		84969DB422EFD4B7004AC8E6 /* LaunchScreen.storyboard in Resources */ = {isa = PBXBuildFile; fileRef = 84969DB222EFD4B7004AC8E6 /* LaunchScreen.storyboard */; };
		84969DC322EFEFDD004AC8E6 /* NotificationService.swift in Sources */ = {isa = PBXBuildFile; fileRef = 84969DC222EFEFDD004AC8E6 /* NotificationService.swift */; };
		84969DC722EFEFDD004AC8E6 /* notifyTarget.appex in Embed App Extensions */ = {isa = PBXBuildFile; fileRef = 84969DC022EFEFDD004AC8E6 /* notifyTarget.appex */; settings = {ATTRIBUTES = (RemoveHeadersOnCopy, ); }; };
		84969DCF22F00D0A004AC8E6 /* gear.png in Resources */ = {isa = PBXBuildFile; fileRef = 84969DCE22F00D0A004AC8E6 /* gear.png */; };
/* End PBXBuildFile section */

/* Begin PBXContainerItemProxy section */
		84969DC522EFEFDD004AC8E6 /* PBXContainerItemProxy */ = {
			isa = PBXContainerItemProxy;
			containerPortal = 84969D9E22EFD4A5004AC8E6 /* Project object */;
			proxyType = 1;
			remoteGlobalIDString = 84969DBF22EFEFDD004AC8E6;
			remoteInfo = notifyTarget;
		};
/* End PBXContainerItemProxy section */

/* Begin PBXCopyFilesBuildPhase section */
		84969DCB22EFEFDD004AC8E6 /* Embed App Extensions */ = {
			isa = PBXCopyFilesBuildPhase;
			buildActionMask = 12;
			dstPath = "";
			dstSubfolderSpec = 13;
			files = (
				84969DC722EFEFDD004AC8E6 /* notifyTarget.appex in Embed App Extensions */,
			);
			name = "Embed App Extensions";
			runOnlyForDeploymentPostprocessing = 0;
		};
/* End PBXCopyFilesBuildPhase section */

/* Begin PBXFileReference section */
		84969DA622EFD4A5004AC8E6 /* PushTest.app */ = {isa = PBXFileReference; explicitFileType = wrapper.application; includeInIndex = 0; path = PushTest.app; sourceTree = BUILT_PRODUCTS_DIR; };
		84969DA922EFD4A5004AC8E6 /* AppDelegate.swift */ = {isa = PBXFileReference; lastKnownFileType = sourcecode.swift; path = AppDelegate.swift; sourceTree = "<group>"; };
		84969DAB22EFD4A5004AC8E6 /* ViewController.swift */ = {isa = PBXFileReference; lastKnownFileType = sourcecode.swift; path = ViewController.swift; sourceTree = "<group>"; };
		84969DAE22EFD4A5004AC8E6 /* Base */ = {isa = PBXFileReference; lastKnownFileType = file.storyboard; name = Base; path = Base.lproj/Main.storyboard; sourceTree = "<group>"; };
		84969DB022EFD4B7004AC8E6 /* Assets.xcassets */ = {isa = PBXFileReference; lastKnownFileType = folder.assetcatalog; path = Assets.xcassets; sourceTree = "<group>"; };
		84969DB322EFD4B7004AC8E6 /* Base */ = {isa = PBXFileReference; lastKnownFileType = file.storyboard; name = Base; path = Base.lproj/LaunchScreen.storyboard; sourceTree = "<group>"; };
		84969DB522EFD4B7004AC8E6 /* Info.plist */ = {isa = PBXFileReference; lastKnownFileType = text.plist.xml; path = Info.plist; sourceTree = "<group>"; };
		84969DBB22EFD8E2004AC8E6 /* PushTest.entitlements */ = {isa = PBXFileReference; lastKnownFileType = text.plist.entitlements; path = PushTest.entitlements; sourceTree = "<group>"; };
		84969DC022EFEFDD004AC8E6 /* notifyTarget.appex */ = {isa = PBXFileReference; explicitFileType = "wrapper.app-extension"; includeInIndex = 0; path = notifyTarget.appex; sourceTree = BUILT_PRODUCTS_DIR; };
		84969DC222EFEFDD004AC8E6 /* NotificationService.swift */ = {isa = PBXFileReference; lastKnownFileType = sourcecode.swift; path = NotificationService.swift; sourceTree = "<group>"; };
		84969DC422EFEFDD004AC8E6 /* Info.plist */ = {isa = PBXFileReference; lastKnownFileType = text.plist.xml; path = Info.plist; sourceTree = "<group>"; };
		84969DCE22F00D0A004AC8E6 /* gear.png */ = {isa = PBXFileReference; lastKnownFileType = image.png; path = gear.png; sourceTree = "<group>"; };
/* End PBXFileReference section */

/* Begin PBXFrameworksBuildPhase section */
		84969DA322EFD4A5004AC8E6 /* Frameworks */ = {
			isa = PBXFrameworksBuildPhase;
			buildActionMask = 2147483647;
			files = (
			);
			runOnlyForDeploymentPostprocessing = 0;
		};
		84969DBD22EFEFDD004AC8E6 /* Frameworks */ = {
			isa = PBXFrameworksBuildPhase;
			buildActionMask = 2147483647;
			files = (
			);
			runOnlyForDeploymentPostprocessing = 0;
		};
/* End PBXFrameworksBuildPhase section */

/* Begin PBXGroup section */
		84969D9D22EFD4A5004AC8E6 = {
			isa = PBXGroup;
			children = (
				84969DA822EFD4A5004AC8E6 /* PushTest */,
				84969DC122EFEFDD004AC8E6 /* notifyTarget */,
				84969DA722EFD4A5004AC8E6 /* Products */,
			);
			sourceTree = "<group>";
		};
		84969DA722EFD4A5004AC8E6 /* Products */ = {
			isa = PBXGroup;
			children = (
				84969DA622EFD4A5004AC8E6 /* PushTest.app */,
				84969DC022EFEFDD004AC8E6 /* notifyTarget.appex */,
			);
			name = Products;
			sourceTree = "<group>";
		};
		84969DA822EFD4A5004AC8E6 /* PushTest */ = {
			isa = PBXGroup;
			children = (
				84969DCE22F00D0A004AC8E6 /* gear.png */,
				84969DBB22EFD8E2004AC8E6 /* PushTest.entitlements */,
				84969DA922EFD4A5004AC8E6 /* AppDelegate.swift */,
				84969DAB22EFD4A5004AC8E6 /* ViewController.swift */,
				84969DAD22EFD4A5004AC8E6 /* Main.storyboard */,
				84969DB022EFD4B7004AC8E6 /* Assets.xcassets */,
				84969DB222EFD4B7004AC8E6 /* LaunchScreen.storyboard */,
				84969DB522EFD4B7004AC8E6 /* Info.plist */,
			);
			path = PushTest;
			sourceTree = "<group>";
		};
		84969DC122EFEFDD004AC8E6 /* notifyTarget */ = {
			isa = PBXGroup;
			children = (
				84969DC222EFEFDD004AC8E6 /* NotificationService.swift */,
				84969DC422EFEFDD004AC8E6 /* Info.plist */,
			);
			path = notifyTarget;
			sourceTree = "<group>";
		};
/* End PBXGroup section */

/* Begin PBXNativeTarget section */
		84969DA522EFD4A5004AC8E6 /* PushTest */ = {
			isa = PBXNativeTarget;
			buildConfigurationList = 84969DB822EFD4B7004AC8E6 /* Build configuration list for PBXNativeTarget "PushTest" */;
			buildPhases = (
				84969DA222EFD4A5004AC8E6 /* Sources */,
				84969DA322EFD4A5004AC8E6 /* Frameworks */,
				84969DA422EFD4A5004AC8E6 /* Resources */,
				84969DCB22EFEFDD004AC8E6 /* Embed App Extensions */,
			);
			buildRules = (
			);
			dependencies = (
				84969DC622EFEFDD004AC8E6 /* PBXTargetDependency */,
			);
			name = PushTest;
			productName = PushTest;
			productReference = 84969DA622EFD4A5004AC8E6 /* PushTest.app */;
			productType = "com.apple.product-type.application";
		};
		84969DBF22EFEFDD004AC8E6 /* notifyTarget */ = {
			isa = PBXNativeTarget;
			buildConfigurationList = 84969DC822EFEFDD004AC8E6 /* Build configuration list for PBXNativeTarget "notifyTarget" */;
			buildPhases = (
				84969DBC22EFEFDD004AC8E6 /* Sources */,
				84969DBD22EFEFDD004AC8E6 /* Frameworks */,
				84969DBE22EFEFDD004AC8E6 /* Resources */,
			);
			buildRules = (
			);
			dependencies = (
			);
			name = notifyTarget;
			productName = notifyTarget;
			productReference = 84969DC022EFEFDD004AC8E6 /* notifyTarget.appex */;
			productType = "com.apple.product-type.app-extension";
		};
/* End PBXNativeTarget section */

/* Begin PBXProject section */
		84969D9E22EFD4A5004AC8E6 /* Project object */ = {
			isa = PBXProject;
			attributes = {
				LastSwiftUpdateCheck = 1030;
				LastUpgradeCheck = 1030;
				ORGANIZATIONNAME = Admin;
				TargetAttributes = {
					84969DA522EFD4A5004AC8E6 = {
						CreatedOnToolsVersion = 10.3;
						SystemCapabilities = {
							com.apple.BackgroundModes = {
								enabled = 1;
							};
							com.apple.Push = {
								enabled = 1;
							};
						};
					};
					84969DBF22EFEFDD004AC8E6 = {
						CreatedOnToolsVersion = 10.3;
					};
				};
			};
			buildConfigurationList = 84969DA122EFD4A5004AC8E6 /* Build configuration list for PBXProject "PushTest" */;
			compatibilityVersion = "Xcode 9.3";
			developmentRegion = en;
			hasScannedForEncodings = 0;
			knownRegions = (
				en,
				Base,
			);
			mainGroup = 84969D9D22EFD4A5004AC8E6;
			productRefGroup = 84969DA722EFD4A5004AC8E6 /* Products */;
			projectDirPath = "";
			projectRoot = "";
			targets = (
				84969DA522EFD4A5004AC8E6 /* PushTest */,
				84969DBF22EFEFDD004AC8E6 /* notifyTarget */,
			);
		};
/* End PBXProject section */

/* Begin PBXResourcesBuildPhase section */
		84969DA422EFD4A5004AC8E6 /* Resources */ = {
			isa = PBXResourcesBuildPhase;
			buildActionMask = 2147483647;
			files = (
				84969DB422EFD4B7004AC8E6 /* LaunchScreen.storyboard in Resources */,
				84969DB122EFD4B7004AC8E6 /* Assets.xcassets in Resources */,
				84969DCF22F00D0A004AC8E6 /* gear.png in Resources */,
				84969DAF22EFD4A5004AC8E6 /* Main.storyboard in Resources */,
			);
			runOnlyForDeploymentPostprocessing = 0;
		};
		84969DBE22EFEFDD004AC8E6 /* Resources */ = {
			isa = PBXResourcesBuildPhase;
			buildActionMask = 2147483647;
			files = (
			);
			runOnlyForDeploymentPostprocessing = 0;
		};
/* End PBXResourcesBuildPhase section */

/* Begin PBXSourcesBuildPhase section */
		84969DA222EFD4A5004AC8E6 /* Sources */ = {
			isa = PBXSourcesBuildPhase;
			buildActionMask = 2147483647;
			files = (
				84969DAC22EFD4A5004AC8E6 /* ViewController.swift in Sources */,
				84969DAA22EFD4A5004AC8E6 /* AppDelegate.swift in Sources */,
			);
			runOnlyForDeploymentPostprocessing = 0;
		};
		84969DBC22EFEFDD004AC8E6 /* Sources */ = {
			isa = PBXSourcesBuildPhase;
			buildActionMask = 2147483647;
			files = (
				84969DC322EFEFDD004AC8E6 /* NotificationService.swift in Sources */,
			);
			runOnlyForDeploymentPostprocessing = 0;
		};
/* End PBXSourcesBuildPhase section */

/* Begin PBXTargetDependency section */
		84969DC622EFEFDD004AC8E6 /* PBXTargetDependency */ = {
			isa = PBXTargetDependency;
			target = 84969DBF22EFEFDD004AC8E6 /* notifyTarget */;
			targetProxy = 84969DC522EFEFDD004AC8E6 /* PBXContainerItemProxy */;
		};
/* End PBXTargetDependency section */

/* Begin PBXVariantGroup section */
		84969DAD22EFD4A5004AC8E6 /* Main.storyboard */ = {
			isa = PBXVariantGroup;
			children = (
				84969DAE22EFD4A5004AC8E6 /* Base */,
			);
			name = Main.storyboard;
			sourceTree = "<group>";
		};
		84969DB222EFD4B7004AC8E6 /* LaunchScreen.storyboard */ = {
			isa = PBXVariantGroup;
			children = (
				84969DB322EFD4B7004AC8E6 /* Base */,
			);
			name = LaunchScreen.storyboard;
			sourceTree = "<group>";
		};
/* End PBXVariantGroup section */

/* Begin XCBuildConfiguration section */
		84969DB622EFD4B7004AC8E6 /* Debug */ = {
			isa = XCBuildConfiguration;
			buildSettings = {
				ALWAYS_SEARCH_USER_PATHS = NO;
				CLANG_ANALYZER_NONNULL = YES;
				CLANG_ANALYZER_NUMBER_OBJECT_CONVERSION = YES_AGGRESSIVE;
				CLANG_CXX_LANGUAGE_STANDARD = "gnu++14";
				CLANG_CXX_LIBRARY = "libc++";
				CLANG_ENABLE_MODULES = YES;
				CLANG_ENABLE_OBJC_ARC = YES;
				CLANG_ENABLE_OBJC_WEAK = YES;
				CLANG_WARN_BLOCK_CAPTURE_AUTORELEASING = YES;
				CLANG_WARN_BOOL_CONVERSION = YES;
				CLANG_WARN_COMMA = YES;
				CLANG_WARN_CONSTANT_CONVERSION = YES;
				CLANG_WARN_DEPRECATED_OBJC_IMPLEMENTATIONS = YES;
				CLANG_WARN_DIRECT_OBJC_ISA_USAGE = YES_ERROR;
				CLANG_WARN_DOCUMENTATION_COMMENTS = YES;
				CLANG_WARN_EMPTY_BODY = YES;
				CLANG_WARN_ENUM_CONVERSION = YES;
				CLANG_WARN_INFINITE_RECURSION = YES;
				CLANG_WARN_INT_CONVERSION = YES;
				CLANG_WARN_NON_LITERAL_NULL_CONVERSION = YES;
				CLANG_WARN_OBJC_IMPLICIT_RETAIN_SELF = YES;
				CLANG_WARN_OBJC_LITERAL_CONVERSION = YES;
				CLANG_WARN_OBJC_ROOT_CLASS = YES_ERROR;
				CLANG_WARN_RANGE_LOOP_ANALYSIS = YES;
				CLANG_WARN_STRICT_PROTOTYPES = YES;
				CLANG_WARN_SUSPICIOUS_MOVE = YES;
				CLANG_WARN_UNGUARDED_AVAILABILITY = YES_AGGRESSIVE;
				CLANG_WARN_UNREACHABLE_CODE = YES;
				CLANG_WARN__DUPLICATE_METHOD_MATCH = YES;
				CODE_SIGN_IDENTITY = "iPhone Developer";
				COPY_PHASE_STRIP = NO;
				DEBUG_INFORMATION_FORMAT = dwarf;
				ENABLE_STRICT_OBJC_MSGSEND = YES;
				ENABLE_TESTABILITY = YES;
				GCC_C_LANGUAGE_STANDARD = gnu11;
				GCC_DYNAMIC_NO_PIC = NO;
				GCC_NO_COMMON_BLOCKS = YES;
				GCC_OPTIMIZATION_LEVEL = 0;
				GCC_PREPROCESSOR_DEFINITIONS = (
					"DEBUG=1",
					"$(inherited)",
				);
				GCC_WARN_64_TO_32_BIT_CONVERSION = YES;
				GCC_WARN_ABOUT_RETURN_TYPE = YES_ERROR;
				GCC_WARN_UNDECLARED_SELECTOR = YES;
				GCC_WARN_UNINITIALIZED_AUTOS = YES_AGGRESSIVE;
				GCC_WARN_UNUSED_FUNCTION = YES;
				GCC_WARN_UNUSED_VARIABLE = YES;
				IPHONEOS_DEPLOYMENT_TARGET = 12.4;
				MTL_ENABLE_DEBUG_INFO = INCLUDE_SOURCE;
				MTL_FAST_MATH = YES;
				ONLY_ACTIVE_ARCH = YES;
				SDKROOT = iphoneos;
				SWIFT_ACTIVE_COMPILATION_CONDITIONS = DEBUG;
				SWIFT_OPTIMIZATION_LEVEL = "-Onone";
			};
			name = Debug;
		};
		84969DB722EFD4B7004AC8E6 /* Release */ = {
			isa = XCBuildConfiguration;
			buildSettings = {
				ALWAYS_SEARCH_USER_PATHS = NO;
				CLANG_ANALYZER_NONNULL = YES;
				CLANG_ANALYZER_NUMBER_OBJECT_CONVERSION = YES_AGGRESSIVE;
				CLANG_CXX_LANGUAGE_STANDARD = "gnu++14";
				CLANG_CXX_LIBRARY = "libc++";
				CLANG_ENABLE_MODULES = YES;
				CLANG_ENABLE_OBJC_ARC = YES;
				CLANG_ENABLE_OBJC_WEAK = YES;
				CLANG_WARN_BLOCK_CAPTURE_AUTORELEASING = YES;
				CLANG_WARN_BOOL_CONVERSION = YES;
				CLANG_WARN_COMMA = YES;
				CLANG_WARN_CONSTANT_CONVERSION = YES;
				CLANG_WARN_DEPRECATED_OBJC_IMPLEMENTATIONS = YES;
				CLANG_WARN_DIRECT_OBJC_ISA_USAGE = YES_ERROR;
				CLANG_WARN_DOCUMENTATION_COMMENTS = YES;
				CLANG_WARN_EMPTY_BODY = YES;
				CLANG_WARN_ENUM_CONVERSION = YES;
				CLANG_WARN_INFINITE_RECURSION = YES;
				CLANG_WARN_INT_CONVERSION = YES;
				CLANG_WARN_NON_LITERAL_NULL_CONVERSION = YES;
				CLANG_WARN_OBJC_IMPLICIT_RETAIN_SELF = YES;
				CLANG_WARN_OBJC_LITERAL_CONVERSION = YES;
				CLANG_WARN_OBJC_ROOT_CLASS = YES_ERROR;
				CLANG_WARN_RANGE_LOOP_ANALYSIS = YES;
				CLANG_WARN_STRICT_PROTOTYPES = YES;
				CLANG_WARN_SUSPICIOUS_MOVE = YES;
				CLANG_WARN_UNGUARDED_AVAILABILITY = YES_AGGRESSIVE;
				CLANG_WARN_UNREACHABLE_CODE = YES;
				CLANG_WARN__DUPLICATE_METHOD_MATCH = YES;
				CODE_SIGN_IDENTITY = "iPhone Developer";
				COPY_PHASE_STRIP = NO;
				DEBUG_INFORMATION_FORMAT = "dwarf-with-dsym";
				ENABLE_NS_ASSERTIONS = NO;
				ENABLE_STRICT_OBJC_MSGSEND = YES;
				GCC_C_LANGUAGE_STANDARD = gnu11;
				GCC_NO_COMMON_BLOCKS = YES;
				GCC_WARN_64_TO_32_BIT_CONVERSION = YES;
				GCC_WARN_ABOUT_RETURN_TYPE = YES_ERROR;
				GCC_WARN_UNDECLARED_SELECTOR = YES;
				GCC_WARN_UNINITIALIZED_AUTOS = YES_AGGRESSIVE;
				GCC_WARN_UNUSED_FUNCTION = YES;
				GCC_WARN_UNUSED_VARIABLE = YES;
				IPHONEOS_DEPLOYMENT_TARGET = 12.4;
				MTL_ENABLE_DEBUG_INFO = NO;
				MTL_FAST_MATH = YES;
				SDKROOT = iphoneos;
				SWIFT_COMPILATION_MODE = wholemodule;
				SWIFT_OPTIMIZATION_LEVEL = "-O";
				VALIDATE_PRODUCT = YES;
			};
			name = Release;
		};
		84969DB922EFD4B7004AC8E6 /* Debug */ = {
			isa = XCBuildConfiguration;
			buildSettings = {
				ALWAYS_EMBED_SWIFT_STANDARD_LIBRARIES = YES;
				ASSETCATALOG_COMPILER_APPICON_NAME = AppIcon;
				CODE_SIGN_ENTITLEMENTS = PushTest/PushTest.entitlements;
				CODE_SIGN_STYLE = Manual;
				DEVELOPMENT_TEAM = VTRUVT3ZRQ;
				INFOPLIST_FILE = PushTest/Info.plist;
				IPHONEOS_DEPLOYMENT_TARGET = 12.0;
				LD_RUNPATH_SEARCH_PATHS = (
					"$(inherited)",
					"@executable_path/Frameworks",
				);
				PRODUCT_BUNDLE_IDENTIFIER = mobi.intcloud.1001Jokes;
				PRODUCT_NAME = "$(TARGET_NAME)";
				PROVISIONING_PROFILE_SPECIFIER = push2;
				SWIFT_VERSION = 5.0;
				TARGETED_DEVICE_FAMILY = "1,2";
			};
			name = Debug;
		};
		84969DBA22EFD4B7004AC8E6 /* Release */ = {
			isa = XCBuildConfiguration;
			buildSettings = {
				ALWAYS_EMBED_SWIFT_STANDARD_LIBRARIES = YES;
				ASSETCATALOG_COMPILER_APPICON_NAME = AppIcon;
				CODE_SIGN_ENTITLEMENTS = PushTest/PushTest.entitlements;
				CODE_SIGN_IDENTITY = "iPhone Developer";
				CODE_SIGN_STYLE = Manual;
				DEVELOPMENT_TEAM = VTRUVT3ZRQ;
				INFOPLIST_FILE = PushTest/Info.plist;
				IPHONEOS_DEPLOYMENT_TARGET = 12.0;
				LD_RUNPATH_SEARCH_PATHS = (
					"$(inherited)",
					"@executable_path/Frameworks",
				);
				PRODUCT_BUNDLE_IDENTIFIER = mobi.intcloud.1001Jokes;
				PRODUCT_NAME = "$(TARGET_NAME)";
				PROVISIONING_PROFILE_SPECIFIER = push2;
				SWIFT_VERSION = 5.0;
				TARGETED_DEVICE_FAMILY = "1,2";
			};
			name = Release;
		};
		84969DC922EFEFDD004AC8E6 /* Debug */ = {
			isa = XCBuildConfiguration;
			buildSettings = {
				CODE_SIGN_STYLE = Manual;
				DEVELOPMENT_TEAM = VTRUVT3ZRQ;
				INFOPLIST_FILE = notifyTarget/Info.plist;
				IPHONEOS_DEPLOYMENT_TARGET = 10.0;
				LD_RUNPATH_SEARCH_PATHS = (
					"$(inherited)",
					"@executable_path/Frameworks",
					"@executable_path/../../Frameworks",
				);
				PRODUCT_BUNDLE_IDENTIFIER = mobi.intcloud.1001Jokes.notifyTarget;
				PRODUCT_NAME = "$(TARGET_NAME)";
				PROVISIONING_PROFILE_SPECIFIER = dev;
				SKIP_INSTALL = YES;
				SWIFT_VERSION = 5.0;
				TARGETED_DEVICE_FAMILY = "1,2";
			};
			name = Debug;
		};
		84969DCA22EFEFDD004AC8E6 /* Release */ = {
			isa = XCBuildConfiguration;
			buildSettings = {
				CODE_SIGN_IDENTITY = "iPhone Distribution";
				CODE_SIGN_STYLE = Manual;
				DEVELOPMENT_TEAM = VTRUVT3ZRQ;
				INFOPLIST_FILE = notifyTarget/Info.plist;
				IPHONEOS_DEPLOYMENT_TARGET = 10.0;
				LD_RUNPATH_SEARCH_PATHS = (
					"$(inherited)",
					"@executable_path/Frameworks",
					"@executable_path/../../Frameworks",
				);
				PRODUCT_BUNDLE_IDENTIFIER = mobi.intcloud.1001Jokes.notifyTarget;
				PRODUCT_NAME = "$(TARGET_NAME)";
				PROVISIONING_PROFILE_SPECIFIER = appstore;
				SKIP_INSTALL = YES;
				SWIFT_VERSION = 5.0;
				TARGETED_DEVICE_FAMILY = "1,2";
			};
			name = Release;
		};
/* End XCBuildConfiguration section */

/* Begin XCConfigurationList section */
		84969DA122EFD4A5004AC8E6 /* Build configuration list for PBXProject "PushTest" */ = {
			isa = XCConfigurationList;
			buildConfigurations = (
				84969DB622EFD4B7004AC8E6 /* Debug */,
				84969DB722EFD4B7004AC8E6 /* Release */,
			);
			defaultConfigurationIsVisible = 0;
			defaultConfigurationName = Release;
		};
		84969DB822EFD4B7004AC8E6 /* Build configuration list for PBXNativeTarget "PushTest" */ = {
			isa = XCConfigurationList;
			buildConfigurations = (
				84969DB922EFD4B7004AC8E6 /* Debug */,
				84969DBA22EFD4B7004AC8E6 /* Release */,
			);
			defaultConfigurationIsVisible = 0;
			defaultConfigurationName = Release;
		};
		84969DC822EFEFDD004AC8E6 /* Build configuration list for PBXNativeTarget "notifyTarget" */ = {
			isa = XCConfigurationList;
			buildConfigurations = (
				84969DC922EFEFDD004AC8E6 /* Debug */,
				84969DCA22EFEFDD004AC8E6 /* Release */,
			);
			defaultConfigurationIsVisible = 0;
			defaultConfigurationName = Release;
		};
/* End XCConfigurationList section */
	};
	rootObject = 84969D9E22EFD4A5004AC8E6 /* Project object */;
}
